
Microsoft Visual Studio Solution File, Format Version 9.00
# Visual Studio 2005
Project("{8BC9CEB8-8B4A-11D0-8D11-00A0C91BC942}") = "atof_visual2005", "atof_visual2005\atof_visual2005.vcproj", "{85BEFEB0-ACC5-4056-8B01-23EE3408CA6A}"
EndProject
Global
	GlobalSection(SolutionConfigurationPlatforms) = preSolution
		Debug|Win32 = Debug|Win32
		Release|Win32 = Release|Win32
	EndGlobalSection
	GlobalSection(ProjectConfigurationPlatforms) = postSolution
		{85BEFEB0-ACC5-4056-8B01-23EE3408CA6A}.Debug|Win32.ActiveCfg = Debug|Win32
		{85BEFEB0-ACC5-4056-8B01-23EE3408CA6A}.Debug|Win32.Build.0 = Debug|Win32
		{85BEFEB0-ACC5-4056-8B01-23EE3408CA6A}.Release|Win32.ActiveCfg = Release|Win32
		{85BEFEB0-ACC5-4056-8B01-23EE3408CA6A}.Release|Win32.Build.0 = Release|Win32
	EndGlobalSection
	GlobalSection(SolutionProperties) = preSolution
		HideSolutionNode = FALSE
	EndGlobalSection
EndGlobal
